
Microsoft Visual Studio Solution File, Format Version 12.00
Project("{FAE04EC0-301F-11D3-BF4B-00C04F79EFBC}") = "CotacolApp", "CotacolApp\CotacolApp.csproj", "{06567946-7C58-4E43-A6F5-F0F082E0D76C}"
EndProject
Project("{FAE04EC0-301F-11D3-BF4B-00C04F79EFBC}") = "Cotacol.Website", "Cotacol.Website\Cotacol.Website.csproj", "{D5909AE9-64F1-4628-993D-425CAC41479A}"
EndProject
Global
	GlobalSection(SolutionConfigurationPlatforms) = preSolution
		Debug|Any CPU = Debug|Any CPU
		Release|Any CPU = Release|Any CPU
	EndGlobalSection
	GlobalSection(ProjectConfigurationPlatforms) = postSolution
		{06567946-7C58-4E43-A6F5-F0F082E0D76C}.Debug|Any CPU.ActiveCfg = Debug|Any CPU
		{06567946-7C58-4E43-A6F5-F0F082E0D76C}.Debug|Any CPU.Build.0 = Debug|Any CPU
		{06567946-7C58-4E43-A6F5-F0F082E0D76C}.Release|Any CPU.ActiveCfg = Release|Any CPU
		{06567946-7C58-4E43-A6F5-F0F082E0D76C}.Release|Any CPU.Build.0 = Release|Any CPU
		{D5909AE9-64F1-4628-993D-425CAC41479A}.Debug|Any CPU.ActiveCfg = Debug|Any CPU
		{D5909AE9-64F1-4628-993D-425CAC41479A}.Debug|Any CPU.Build.0 = Debug|Any CPU
		{D5909AE9-64F1-4628-993D-425CAC41479A}.Release|Any CPU.ActiveCfg = Release|Any CPU
		{D5909AE9-64F1-4628-993D-425CAC41479A}.Release|Any CPU.Build.0 = Release|Any CPU
	EndGlobalSection
EndGlobal
